<?xml version="1.0" encoding="utf-8"?>
<Project ToolsVersion="4.0" xmlns="http://schemas.microsoft.com/developer/msbuild/2003">
  <ItemGroup>
    <ClCompile Include="algorithm.ixx" />
    <ClCompile Include="AutoComPtr.ixx" />
    <ClCompile Include="buffer.ixx" />
    <ClCompile Include="CaseInsensitive.ixx" />
    <ClCompile Include="CastIteratorImp.ixx" />
    <ClCompile Include="CircularChain.ixx" />
    <ClCompile Include="CollectFun.ixx" />
    <ClCompile Include="Color.ixx" />
    <ClCompile Include="CycleIterator.ixx" />
    <ClCompile Include="Date.ixx" />
    <ClCompile Include="Direction.ixx" />
    <ClCompile Include="Exception.ixx" />
    <ClCompile Include="fastqueue.ixx" />
    <ClCompile Include="Gdiplus.ixx" />
    <ClCompile Include="isEqual.ixx" />
    <ClCompile Include="Iterator.ixx" />
    <ClCompile Include="ListSet.ixx" />
    <ClCompile Include="Margins.ixx" />
    <ClCompile Include="MouseButton.ixx" />
    <ClCompile Include="NoValueSemantics.ixx" />
    <ClCompile Include="Observer.ixx" />
    <ClCompile Include="OldNew.ixx" />
    <ClCompile Include="ostringstream.ixx" />
    <ClCompile Include="Path.ixx" />
    <ClCompile Include="Point.ixx" />
    <ClCompile Include="PointOstream.ixx" />
    <ClCompile Include="Range.ixx" />
    <ClCompile Include="Rect.ixx" />
    <ClCompile Include="RectOstream.ixx" />
    <ClCompile Include="RefCounter.ixx" />
    <ClCompile Include="Rotate.ixx" />
    <ClCompile Include="round.ixx" />
    <ClCompile Include="ScopeGuard.ixx" />
    <ClCompile Include="Shared.ixx" />
    <ClCompile Include="Size.ixx" />
    <ClCompile Include="StackFlag.ixx" />
    <ClCompile Include="stringConvert.ixx" />
    <ClCompile Include="stringutil.ixx" />
    <ClCompile Include="ToLower.ixx" />
    <ClCompile Include="types.ixx" />
    <ClCompile Include="UTF8cvt.ixx" />
    <ClCompile Include="UTF8locale.ixx" />
    <ClCompile Include="ValidValue.ixx" />
    <ClCompile Include="VectorMap.ixx" />
    <ClCompile Include="WideFileNameFStream.ixx" />
    <ClCompile Include="wintypes.ixx" />
    <ClCompile Include="Color.cpp" />
    <ClCompile Include="Date.cpp" />
    <ClCompile Include="isEqual.cpp" />
    <ClCompile Include="Path.cpp" />
    <ClCompile Include="Point.cpp" />
    <ClCompile Include="stringConvert.cpp" />
    <ClCompile Include="stringutil.cpp" />
    <ClCompile Include="types.cpp" />
    <ClCompile Include="UTF8cvt.cpp" />
    <ClCompile Include="UTF8locale.cpp" />
    <ClCompile Include="PtrCont.ixx" />
  </ItemGroup>
  <ItemGroup>
    <ClInclude Include="d1assert.h" />
    <ClInclude Include="d1verify.h" />
    <ClInclude Include="ExceptionUtil.h" />
  </ItemGroup>
</Project>