<?xml version="1.0" encoding="utf-8"?>
<Project ToolsVersion="4.0" xmlns="http://schemas.microsoft.com/developer/msbuild/2003">
  <ItemGroup>
    <ClCompile Include="CException.ixx" />
    <ClCompile Include="Clipboard.ixx" />
    <ClCompile Include="CLSID.ixx" />
    <ClCompile Include="ComException.ixx" />
    <ClCompile Include="ConsumeDropHandle.ixx" />
    <ClCompile Include="CreateObjectDescriptor.ixx" />
    <ClCompile Include="CriticalSection.ixx" />
    <ClCompile Include="CursorManager.ixx" />
    <ClCompile Include="d1DragDetect.ixx" />
    <ClCompile Include="Date.ixx" />
    <ClCompile Include="DCfromWindow.ixx" />
    <ClCompile Include="DcOwner.ixx" />
    <ClCompile Include="Debug.ixx" />
    <ClCompile Include="DevMode.ixx" />
    <ClCompile Include="ExceptionBox.ixx" />
    <ClCompile Include="ExtractDEVNAMES.ixx" />
    <ClCompile Include="ExtractDROPFILES.ixx" />
    <ClCompile Include="Gdi.ixx" />
    <ClCompile Include="GIClasses.ixx" />
    <ClCompile Include="Global.ixx" />
    <ClCompile Include="GuardedFunctionCall.ixx" />
    <ClCompile Include="IReadOnlyStateChange.ixx" />
    <ClCompile Include="ISavedChange.ixx" />
    <ClCompile Include="IWindow.ixx" />
    <ClCompile Include="Keyboard.ixx" />
    <ClCompile Include="ListenerWindow.ixx" />
    <ClCompile Include="MenuHandle.ixx" />
    <ClCompile Include="Message.ixx" />
    <ClCompile Include="MessageLoop.ixx" />
    <ClCompile Include="Messages.ixx" />
    <ClCompile Include="Mouse.ixx" />
    <ClCompile Include="MsgBox.ixx" />
    <ClCompile Include="MsiLib.ixx" />
    <ClCompile Include="OleString.ixx" />
    <ClCompile Include="OpenFileDialog.ixx" />
    <ClCompile Include="OwnerSTGMEDIUM.ixx" />
    <ClCompile Include="ProcRegistrar.ixx" />
    <ClCompile Include="ProductVersion.ixx" />
    <ClCompile Include="QueryInterface.ixx" />
    <ClCompile Include="Registry.ixx" />
    <ClCompile Include="ReplaceFileContent.ixx" />
    <ClCompile Include="ResolveLink.ixx" />
    <ClCompile Include="ResourceLoader.ixx" />
    <ClCompile Include="SaveFileDialog.ixx" />
    <ClCompile Include="scrollKeyTranslator.ixx" />
    <ClCompile Include="SEHTranslator.ixx" />
    <ClCompile Include="SetCharsetInfo.ixx" />
    <ClCompile Include="StreamConnector.ixx" />
    <ClCompile Include="Timer.ixx" />
    <ClCompile Include="types.ixx" />
    <ClCompile Include="UniqueHandle.ixx" />
    <ClCompile Include="Window.ixx" />
    <ClCompile Include="WinOstream.ixx" />
    <ClCompile Include="CalcNewWindowPos.cpp" />
    <ClCompile Include="CException.cpp" />
    <ClCompile Include="ChildWindowVisitor.cpp" />
    <ClCompile Include="Clipboard.cpp" />
    <ClCompile Include="CLSID.cpp" />
    <ClCompile Include="ComException.cpp" />
    <ClCompile Include="CommonClipboardFormats.cpp" />
    <ClCompile Include="ConsumeDropHandle.cpp" />
    <ClCompile Include="CreateObjectDescriptor.cpp" />
    <ClCompile Include="CursorManager.cpp" />
    <ClCompile Include="d1DragDetect.cpp" />
    <ClCompile Include="Date.cpp" />
    <ClCompile Include="DCfromWindow.cpp" />
    <ClCompile Include="DebugEnv.cpp" />
    <ClCompile Include="DevMode.cpp" />
    <ClCompile Include="Dispatcher.cpp" />
    <ClCompile Include="dout.cpp" />
    <ClCompile Include="ExceptionBox.cpp" />
    <ClCompile Include="ExtractDEVNAMES.cpp" />
    <ClCompile Include="ExtractDROPFILES.cpp" />
    <ClCompile Include="GdiplusException.cpp" />
    <ClCompile Include="GlobalOwner.cpp" />
    <ClCompile Include="GuardedFunctionCall.cpp" />
    <ClCompile Include="IWindow.cpp" />
    <ClCompile Include="Keyboard.cpp" />
    <ClCompile Include="ListenerWindow.cpp" />
    <ClCompile Include="MenuHandle.cpp" />
    <ClCompile Include="MenuMsg.cpp" />
    <ClCompile Include="MessageFilter.cpp" />
    <ClCompile Include="MessageLoop.cpp" />
    <ClCompile Include="Mouse.cpp" />
    <ClCompile Include="MouseMsg.cpp" />
    <ClCompile Include="MsgBox.cpp" />
    <ClCompile Include="MsiLib.cpp" />
    <ClCompile Include="OpenFileDialog.cpp" />
    <ClCompile Include="PrivateClipFormat.cpp" />
    <ClCompile Include="PrivateMessage.cpp" />
    <ClCompile Include="ProcRegistrar.cpp" />
    <ClCompile Include="Registry.cpp" />
    <ClCompile Include="ReplaceFileContent.cpp" />
    <ClCompile Include="ResolveLink.cpp" />
    <ClCompile Include="ResourceLoader.cpp" />
    <ClCompile Include="SaveFileDialog.cpp" />
    <ClCompile Include="scrollKeyTranslator.cpp" />
    <ClCompile Include="SEHTranslator.cpp" />
    <ClCompile Include="SetCharsetInfo.cpp" />
    <ClCompile Include="StreamConnector.cpp" />
    <ClCompile Include="SuspendQuit.cpp" />
    <ClCompile Include="Timer.cpp" />
    <ClCompile Include="UniqueFileHandle.cpp" />
    <ClCompile Include="Window.cpp" />
    <ClCompile Include="WindowClass.cpp" />
    <ClCompile Include="WindowDisabler.cpp" />
    <ClCompile Include="WindowPlacement.cpp" />
    <ClCompile Include="WindowPlacementHandler.cpp" />
    <ClCompile Include="WindowResizer.cpp" />
    <ClCompile Include="WindowStartupProc.cpp" />
    <ClCompile Include="WinOstream.cpp" />
  </ItemGroup>
  <ItemGroup>
    <ClInclude Include="MessageWrapperMacros.h" />
    <ClInclude Include="d1Trace.h" />
    <ClInclude Include="DebugEntryExitReporter.h" />
  </ItemGroup>
</Project>