<?xml version="1.0" encoding="utf-8"?>
<Project ToolsVersion="4.0" xmlns="http://schemas.microsoft.com/developer/msbuild/2003">
  <ItemGroup>
    <ClCompile Include="_Module.ixx" />
    <ClCompile Include="Attach\Attach.ixx">
      <Filter>Attach</Filter>
    </ClCompile>
    <ClCompile Include="Attach\IPointAttachment.cpp">
      <Filter>Attach</Filter>
    </ClCompile>
    <ClCompile Include="Attach\ITerminal.cpp">
      <Filter>Attach</Filter>
    </ClCompile>
    <ClCompile Include="Attach\ITerminalReshapeInfo.cpp">
      <Filter>Attach</Filter>
    </ClCompile>
    <ClCompile Include="Base\Base.ixx">
      <Filter>Base</Filter>
    </ClCompile>
    <ClCompile Include="Diagram\CopyExtendSelection.cpp">
      <Filter>Base</Filter>
    </ClCompile>
    <ClCompile Include="CopyRegistry\CopyRegistry.cpp">
      <Filter>Base</Filter>
    </ClCompile>
    <ClCompile Include="Base\ElementSet.cpp">
      <Filter>Base</Filter>
    </ClCompile>
    <ClCompile Include="Base\Env.cpp">
      <Filter>Base</Filter>
    </ClCompile>
    <ClCompile Include="Base\ExtendSelectionParam.cpp">
      <Filter>Base</Filter>
    </ClCompile>
    <ClCompile Include="Base\IElement.cpp">
      <Filter>Base</Filter>
    </ClCompile>
    <ClCompile Include="Shift\IShiftable.cpp">
      <Filter>Base</Filter>
    </ClCompile>
    <ClCompile Include="ObjectRegistry\ObjectRegistry.cpp">
      <Filter>Base</Filter>
    </ClCompile>
    <ClCompile Include="Undoer\PosUndoer.cpp">
      <Filter>Base</Filter>
    </ClCompile>
    <ClCompile Include="Selection\SelectionHider.cpp">
      <Filter>Base</Filter>
    </ClCompile>
    <ClCompile Include="Selection\SelectionTracker.cpp">
      <Filter>Base</Filter>
    </ClCompile>
    <ClCompile Include="Selection\SelectionVisibilityServer.cpp">
      <Filter>Base</Filter>
    </ClCompile>
    <ClCompile Include="Shift\ShiftSet.cpp">
      <Filter>Base</Filter>
    </ClCompile>
    <ClCompile Include="Selection\StandardSelectionRestorer.cpp">
      <Filter>Base</Filter>
    </ClCompile>
    <ClCompile Include="UndoerImp\UndoerFunctions.cpp">
      <Filter>Base</Filter>
    </ClCompile>
    <ClCompile Include="Undoer\UndoerParam.cpp">
      <Filter>Base</Filter>
    </ClCompile>
    <ClCompile Include="Weight\Weight.cpp">
      <Filter>Base</Filter>
    </ClCompile>
    <ClCompile Include="Container\Container.ixx">
      <Filter>Container</Filter>
    </ClCompile>
    <ClCompile Include="Container\IUpdateContainer.cpp">
      <Filter>Container</Filter>
    </ClCompile>
    <ClCompile Include="Diagram\Diagram.ixx">
      <Filter>Diagram</Filter>
    </ClCompile>
    <ClCompile Include="Diagram\TransferSet.cpp">
      <Filter>Diagram</Filter>
    </ClCompile>
    <ClCompile Include="Exceptions\Exceptions.ixx">
      <Filter>Exceptions</Filter>
    </ClCompile>
    <ClCompile Include="Interfaces\IDumpable.cpp">
      <Filter>Interfaces</Filter>
    </ClCompile>
    <ClCompile Include="Interfaces\Interfaces.ixx">
      <Filter>Interfaces</Filter>
    </ClCompile>
    <ClCompile Include="Names\Elements.cpp">
      <Filter>Names</Filter>
    </ClCompile>
    <ClCompile Include="Names\Names.ixx">
      <Filter>Names</Filter>
    </ClCompile>
    <ClCompile Include="Names\Namespace.cpp">
      <Filter>Names</Filter>
    </ClCompile>
    <ClCompile Include="Transaction\FinalizerDock.cpp">
      <Filter>Transaction</Filter>
    </ClCompile>
    <ClCompile Include="Transaction\Transaction.cpp">
      <Filter>Transaction</Filter>
    </ClCompile>
    <ClCompile Include="Transaction\Transaction.ixx">
      <Filter>Transaction</Filter>
    </ClCompile>
    <ClCompile Include="Transaction\TransactionImp.cpp">
      <Filter>Transaction</Filter>
    </ClCompile>
    <ClCompile Include="UndoerImp\PosUndoerGroup.cpp">
      <Filter>Undoer</Filter>
    </ClCompile>
    <ClCompile Include="UndoerImp\SequenceUndoer.cpp">
      <Filter>Undoer</Filter>
    </ClCompile>
    <ClCompile Include="UndoerImp\TransactionUndoer.cpp">
      <Filter>Undoer</Filter>
    </ClCompile>
    <ClCompile Include="UndoerImp\UndoerImp.cppm">
      <Filter>Undoer</Filter>
    </ClCompile>
    <ClCompile Include="View\ISelectionObserver.cpp">
      <Filter>View</Filter>
    </ClCompile>
    <ClCompile Include="View\IView.cpp">
      <Filter>View</Filter>
    </ClCompile>
    <ClCompile Include="View\IViewElement.cpp">
      <Filter>View</Filter>
    </ClCompile>
    <ClCompile Include="View\SelectionObserverDock.cpp">
      <Filter>View</Filter>
    </ClCompile>
    <ClCompile Include="View\View.ixx">
      <Filter>View</Filter>
    </ClCompile>
    <ClCompile Include="View\VISelectable.cpp">
      <Filter>View</Filter>
    </ClCompile>
    <ClCompile Include="Undoer\Undoer.cpp">
      <Filter>Base</Filter>
    </ClCompile>
    <ClCompile Include="Shift\Shift.ixx" />
    <ClCompile Include="Weight\Weight.ixx" />
    <ClCompile Include="Undoer\Undoer.ixx" />
    <ClCompile Include="ObjectRegistry\ObjectRegistry.ixx" />
    <ClCompile Include="CopyRegistry\CopyRegistry.ixx" />
    <ClCompile Include="ObjectWithID\ObjectWithID.ixx" />
    <ClCompile Include="Grid\Grid.ixx" />
    <ClCompile Include="Util\Util.ixx" />
    <ClCompile Include="Selection\Selection.ixx" />
  </ItemGroup>
  <ItemGroup>
    <ClInclude Include="ITerminalDeclarations.h">
      <Filter>Attach</Filter>
    </ClInclude>
    <ClInclude Include="IDeletableDeclarations.h" />
    <ClInclude Include="INamedDeclarations.h" />
    <ClInclude Include="IResizableDeclarations.h" />
    <ClInclude Include="Check.h" />
    <ClInclude Include="d1debug.h" />
    <ClInclude Include="IContainableDeclarations.h" />
    <ClInclude Include="IContainerDeclarations.h" />
    <ClInclude Include="IUpdateContainerDeclarations.h" />
  </ItemGroup>
  <ItemGroup>
    <Filter Include="Attach">
      <UniqueIdentifier>{59fbddf9-2be8-4587-8719-8c922a74368d}</UniqueIdentifier>
    </Filter>
    <Filter Include="Base">
      <UniqueIdentifier>{3f9fa326-5087-4416-aac2-e50a4ef65014}</UniqueIdentifier>
    </Filter>
    <Filter Include="Container">
      <UniqueIdentifier>{a39ef756-c1c0-4219-a057-04bf863b340e}</UniqueIdentifier>
    </Filter>
    <Filter Include="Diagram">
      <UniqueIdentifier>{24fb191c-7c27-4721-8dc5-6993ff3762db}</UniqueIdentifier>
    </Filter>
    <Filter Include="Exceptions">
      <UniqueIdentifier>{648bf1eb-14a6-448b-9cda-da35e7a6cffd}</UniqueIdentifier>
    </Filter>
    <Filter Include="Interfaces">
      <UniqueIdentifier>{5d84ac99-d704-41a8-92bb-39560b702e35}</UniqueIdentifier>
    </Filter>
    <Filter Include="Names">
      <UniqueIdentifier>{48ff0dde-6d52-4475-8511-67d647afefb2}</UniqueIdentifier>
    </Filter>
    <Filter Include="Transaction">
      <UniqueIdentifier>{c3dd1d28-b61c-450b-86fd-4af8ea45c61a}</UniqueIdentifier>
    </Filter>
    <Filter Include="Undoer">
      <UniqueIdentifier>{e87f9403-dc2e-4688-b54c-38e3b977e6cc}</UniqueIdentifier>
    </Filter>
    <Filter Include="View">
      <UniqueIdentifier>{8f0a0b95-d6b5-4379-a3ce-b698a1075038}</UniqueIdentifier>
    </Filter>
  </ItemGroup>
</Project>