<?xml version="1.0" encoding="utf-8"?>
<Project ToolsVersion="4.0" xmlns="http://schemas.microsoft.com/developer/msbuild/2003">
  <ItemGroup>
    <ClCompile Include="_ObjectID.ixx" />
    <ClCompile Include="_IGrid.ixx" />
    <ClCompile Include="_ObjectWithID.ixx" />
    <ClCompile Include="_Exceptions.ixx" />
    <ClCompile Include="_Container.ixx" />
    <ClCompile Include="Attach\_Attach.ixx" />
    <ClCompile Include="Attach\IPointAttachment.cpp" />
    <ClCompile Include="Attach\ITerminal.cpp" />
    <ClCompile Include="Attach\ITerminalReshapeInfo.cpp" />
    <ClCompile Include="Main\Element\CopyRegistry.cpp" />
    <ClCompile Include="Main\_Main_Diagram.ixx" />
    <ClCompile Include="TransferSet\TransferSet.cpp" />
    <ClCompile Include="Main\Element\_Main_Element.ixx" />
    <ClCompile Include="Main\Element\ElementSet.cpp" />
    <ClCompile Include="Main\Element\Env.cpp" />
    <ClCompile Include="Main\Element\IElement.cpp" />
    <ClCompile Include="Interfaces\_Interfaces.ixx" />
    <ClCompile Include="Interfaces\IDumpable.cpp" />
    <ClCompile Include="Main\_Main.ixx" />
    <ClCompile Include="Names\_Names.ixx" />
    <ClCompile Include="Names\Elements.cpp" />
    <ClCompile Include="Names\Namespace.cpp" />
    <ClCompile Include="ObjectRegistry\_ObjectRegistry.ixx" />
    <ClCompile Include="ObjectRegistry\ObjectRegistry.cpp" />
    <ClCompile Include="Main\Selection\_Main_Selection.ixx" />
    <ClCompile Include="Main\Selection\ExtendSelectionParam.cpp" />
    <ClCompile Include="Main\Selection\SelectionHider.cpp" />
    <ClCompile Include="Main\Selection\SelectionTracker.cpp" />
    <ClCompile Include="Main\Selection\SelectionVisibilityServer.cpp" />
    <ClCompile Include="_StandardSelectionRestorer.ixx" />
    <ClCompile Include="Shift\_Shift.ixx" />
    <ClCompile Include="Shift\IShiftable.cpp" />
    <ClCompile Include="Shift\ShiftSet.cpp" />
    <ClCompile Include="Main\Transaction\_Main_Transaction.ixx" />
    <ClCompile Include="Finalizer\FinalizerDock.cpp" />
    <ClCompile Include="Main\Transaction\Transaction.cpp" />
    <ClCompile Include="Main\Transaction\TransactionImp.cpp" />
    <ClCompile Include="Main\Undoer\_Main_Undoer.ixx" />
    <ClCompile Include="Main\Undoer\PosUndoer.cpp" />
    <ClCompile Include="Main\Undoer\Undoer.cpp" />
    <ClCompile Include="Main\Undoer\UndoerParam.cpp" />
    <ClCompile Include="Undoer\_Undoer.ixx" />
    <ClCompile Include="Undoer\PosUndoerGroup.cpp" />
    <ClCompile Include="Undoer\SequenceUndoer.cpp" />
    <ClCompile Include="Undoer\TransactionUndoer.cpp" />
    <ClCompile Include="Main\View\_Main_View.ixx" />
    <ClCompile Include="Main\View\IView.cpp" />
    <ClCompile Include="Main\View\IViewElement.cpp" />
    <ClCompile Include="Main\View\SelectionObserverDock.cpp" />
    <ClCompile Include="Main\View\VISelectable.cpp" />
    <ClCompile Include="Main\Element\increaseSelectionBias.cpp" />
    <ClCompile Include="Finalizer\_Finalizer.ixx" />
    <ClCompile Include="_TransactionDataPtr.ixx" />
    <ClCompile Include="_IDirtyMarker.ixx" />
    <ClCompile Include="_IDocumentChange.ixx" />
    <ClCompile Include="_IUndoRedoCountChange.ixx" />
    <ClCompile Include="_AdjustRef.ixx" />
    <ClCompile Include="TransferSet\_TransferSet.ixx" />
    <ClCompile Include="_CopyExtendSelection.ixx" />
    <ClCompile Include="_Contains.ixx" />
    <ClCompile Include="_SelectionObserver.ixx" />
    <ClCompile Include="_Filter.ixx" />
    <ClCompile Include="Weight\_Weight.ixx" />
    <ClCompile Include="Weight\Weight.cpp" />
    <ClCompile Include="Main\Element\CalcBoundingBox.cpp" />
    <ClCompile Include="Main\Selection\ExtendedSelection.cpp" />
  </ItemGroup>
  <ItemGroup>
    <ClInclude Include="IDeletableDeclarations.h" />
    <ClInclude Include="INamedDeclarations.h" />
    <ClInclude Include="IResizableDeclarations.h" />
    <ClInclude Include="Check.h" />
    <ClInclude Include="d1debug.h" />
    <ClInclude Include="IContainableDeclarations.h" />
    <ClInclude Include="IContainerDeclarations.h" />
    <ClInclude Include="IUpdateContainerDeclarations.h" />
    <ClInclude Include="ITerminalDeclarations.h" />
  </ItemGroup>
</Project>